
Microsoft Visual Studio Solution File, Format Version 12.00
# Visual Studio Version 17
VisualStudioVersion = 17.9.34701.34
MinimumVisualStudioVersion = 10.0.40219.1
Project("{FAE04EC0-301F-11D3-BF4B-00C04F79EFBC}") = "UIElectrodomesticos", "TC_Electrodomesticos\UIElectrodomesticos.csproj", "{D65ABA28-13D9-4C64-B7C4-CD447C30311F}"
EndProject
Project("{FAE04EC0-301F-11D3-BF4B-00C04F79EFBC}") = "DAL", "DAL\DAL.csproj", "{DDA79E92-0858-4A51-AF3A-07E58974AE94}"
EndProject
Project("{FAE04EC0-301F-11D3-BF4B-00C04F79EFBC}") = "BLL", "BLL\BLL.csproj", "{2FA93AA3-F737-4B94-8142-E2EAC9BCA64D}"
EndProject
Project("{FAE04EC0-301F-11D3-BF4B-00C04F79EFBC}") = "BE", "BE\BE.csproj", "{2C74E55C-E7FF-43CF-A377-1DBBE65361E4}"
EndProject
Project("{2150E333-8FDC-42A3-9474-1A3956D46DE8}") = "Elementos de la solución", "Elementos de la solución", "{66CCCB19-C919-4878-89E6-26296209100B}"
	ProjectSection(SolutionItems) = preProject
		Imagenes\tienda.jpg = Imagenes\tienda.jpg
	EndProjectSection
EndProject
Global
	GlobalSection(SolutionConfigurationPlatforms) = preSolution
		Debug|Any CPU = Debug|Any CPU
		Release|Any CPU = Release|Any CPU
	EndGlobalSection
	GlobalSection(ProjectConfigurationPlatforms) = postSolution
		{D65ABA28-13D9-4C64-B7C4-CD447C30311F}.Debug|Any CPU.ActiveCfg = Debug|Any CPU
		{D65ABA28-13D9-4C64-B7C4-CD447C30311F}.Debug|Any CPU.Build.0 = Debug|Any CPU
		{D65ABA28-13D9-4C64-B7C4-CD447C30311F}.Release|Any CPU.ActiveCfg = Release|Any CPU
		{D65ABA28-13D9-4C64-B7C4-CD447C30311F}.Release|Any CPU.Build.0 = Release|Any CPU
		{DDA79E92-0858-4A51-AF3A-07E58974AE94}.Debug|Any CPU.ActiveCfg = Debug|Any CPU
		{DDA79E92-0858-4A51-AF3A-07E58974AE94}.Debug|Any CPU.Build.0 = Debug|Any CPU
		{DDA79E92-0858-4A51-AF3A-07E58974AE94}.Release|Any CPU.ActiveCfg = Release|Any CPU
		{DDA79E92-0858-4A51-AF3A-07E58974AE94}.Release|Any CPU.Build.0 = Release|Any CPU
		{2FA93AA3-F737-4B94-8142-E2EAC9BCA64D}.Debug|Any CPU.ActiveCfg = Debug|Any CPU
		{2FA93AA3-F737-4B94-8142-E2EAC9BCA64D}.Debug|Any CPU.Build.0 = Debug|Any CPU
		{2FA93AA3-F737-4B94-8142-E2EAC9BCA64D}.Release|Any CPU.ActiveCfg = Release|Any CPU
		{2FA93AA3-F737-4B94-8142-E2EAC9BCA64D}.Release|Any CPU.Build.0 = Release|Any CPU
		{2C74E55C-E7FF-43CF-A377-1DBBE65361E4}.Debug|Any CPU.ActiveCfg = Debug|Any CPU
		{2C74E55C-E7FF-43CF-A377-1DBBE65361E4}.Debug|Any CPU.Build.0 = Debug|Any CPU
		{2C74E55C-E7FF-43CF-A377-1DBBE65361E4}.Release|Any CPU.ActiveCfg = Release|Any CPU
		{2C74E55C-E7FF-43CF-A377-1DBBE65361E4}.Release|Any CPU.Build.0 = Release|Any CPU
	EndGlobalSection
	GlobalSection(SolutionProperties) = preSolution
		HideSolutionNode = FALSE
	EndGlobalSection
	GlobalSection(ExtensibilityGlobals) = postSolution
		SolutionGuid = {2C930B13-EA75-410A-9578-133AFDA2333C}
	EndGlobalSection
EndGlobal
